
Microsoft Visual Studio Solution File, Format Version 12.00
# Visual Studio Version 17
VisualStudioVersion = 17.9.34616.47
MinimumVisualStudioVersion = 10.0.40219.1
Project("{9A19103F-16F7-4668-BE54-9A1E7A4F7556}") = "01.Persons", "01.Persons\01.Persons.csproj", "{C90E792B-5A45-4ADD-934F-1F13DEEE939E}"
EndProject
Project("{FAE04EC0-301F-11D3-BF4B-00C04F79EFBC}") = "02.Salary", "02.Salary\02.Salary.csproj", "{A8AA0C51-CE7D-4CD3-968D-80E36ACC24BE}"
EndProject
Project("{FAE04EC0-301F-11D3-BF4B-00C04F79EFBC}") = "03.Validation", "03.Validation\03.Validation.csproj", "{2B05E223-C6B1-4D07-A5CC-CBBC123595C0}"
EndProject
Project("{FAE04EC0-301F-11D3-BF4B-00C04F79EFBC}") = "04.Team", "04.Team\04.Team.csproj", "{9CF52CC9-D114-4DDC-91C5-3B6A5D26E2CD}"
EndProject
Global
	GlobalSection(SolutionConfigurationPlatforms) = preSolution
		Debug|Any CPU = Debug|Any CPU
		Release|Any CPU = Release|Any CPU
	EndGlobalSection
	GlobalSection(ProjectConfigurationPlatforms) = postSolution
		{C90E792B-5A45-4ADD-934F-1F13DEEE939E}.Debug|Any CPU.ActiveCfg = Debug|Any CPU
		{C90E792B-5A45-4ADD-934F-1F13DEEE939E}.Debug|Any CPU.Build.0 = Debug|Any CPU
		{C90E792B-5A45-4ADD-934F-1F13DEEE939E}.Release|Any CPU.ActiveCfg = Release|Any CPU
		{C90E792B-5A45-4ADD-934F-1F13DEEE939E}.Release|Any CPU.Build.0 = Release|Any CPU
		{A8AA0C51-CE7D-4CD3-968D-80E36ACC24BE}.Debug|Any CPU.ActiveCfg = Debug|Any CPU
		{A8AA0C51-CE7D-4CD3-968D-80E36ACC24BE}.Debug|Any CPU.Build.0 = Debug|Any CPU
		{A8AA0C51-CE7D-4CD3-968D-80E36ACC24BE}.Release|Any CPU.ActiveCfg = Release|Any CPU
		{A8AA0C51-CE7D-4CD3-968D-80E36ACC24BE}.Release|Any CPU.Build.0 = Release|Any CPU
		{2B05E223-C6B1-4D07-A5CC-CBBC123595C0}.Debug|Any CPU.ActiveCfg = Debug|Any CPU
		{2B05E223-C6B1-4D07-A5CC-CBBC123595C0}.Debug|Any CPU.Build.0 = Debug|Any CPU
		{2B05E223-C6B1-4D07-A5CC-CBBC123595C0}.Release|Any CPU.ActiveCfg = Release|Any CPU
		{2B05E223-C6B1-4D07-A5CC-CBBC123595C0}.Release|Any CPU.Build.0 = Release|Any CPU
		{9CF52CC9-D114-4DDC-91C5-3B6A5D26E2CD}.Debug|Any CPU.ActiveCfg = Debug|Any CPU
		{9CF52CC9-D114-4DDC-91C5-3B6A5D26E2CD}.Debug|Any CPU.Build.0 = Debug|Any CPU
		{9CF52CC9-D114-4DDC-91C5-3B6A5D26E2CD}.Release|Any CPU.ActiveCfg = Release|Any CPU
		{9CF52CC9-D114-4DDC-91C5-3B6A5D26E2CD}.Release|Any CPU.Build.0 = Release|Any CPU
	EndGlobalSection
	GlobalSection(SolutionProperties) = preSolution
		HideSolutionNode = FALSE
	EndGlobalSection
	GlobalSection(ExtensibilityGlobals) = postSolution
		SolutionGuid = {A3951833-905A-4952-A96C-3502866FE461}
	EndGlobalSection
EndGlobal
