
Microsoft Visual Studio Solution File, Format Version 12.00
# Visual Studio Version 17
VisualStudioVersion = 17.5.33424.131
MinimumVisualStudioVersion = 10.0.40219.1
Project("{9A19103F-16F7-4668-BE54-9A1E7A4F7556}") = "01.SingleInheritance", "01.SingleInheritance\01.SingleInheritance.csproj", "{AC0715D3-8974-4804-9783-2A45133F9A39}"
EndProject
Project("{FAE04EC0-301F-11D3-BF4B-00C04F79EFBC}") = "02.MultipleInheritance", "02.MultipleInheritance\02.MultipleInheritance.csproj", "{54854367-B4D4-4D67-8A7D-04BCC65339E7}"
EndProject
Project("{FAE04EC0-301F-11D3-BF4B-00C04F79EFBC}") = "03.HierarchicalInheritance", "03.HierarchicalInheritance\03.HierarchicalInheritance.csproj", "{DF294461-5E95-4E6B-B873-5B8E3A76ACF1}"
EndProject
Project("{FAE04EC0-301F-11D3-BF4B-00C04F79EFBC}") = "04.RandomList", "04.RandomList\04.RandomList.csproj", "{33C71152-C91F-4B44-B7F5-94088E0D6E2F}"
EndProject
Project("{FAE04EC0-301F-11D3-BF4B-00C04F79EFBC}") = "05.StackofStrings", "05.StackofStrings\05.StackofStrings.csproj", "{C01FAD93-E0D7-4908-AB45-396C8D0063C4}"
EndProject
Global
	GlobalSection(SolutionConfigurationPlatforms) = preSolution
		Debug|Any CPU = Debug|Any CPU
		Release|Any CPU = Release|Any CPU
	EndGlobalSection
	GlobalSection(ProjectConfigurationPlatforms) = postSolution
		{AC0715D3-8974-4804-9783-2A45133F9A39}.Debug|Any CPU.ActiveCfg = Debug|Any CPU
		{AC0715D3-8974-4804-9783-2A45133F9A39}.Debug|Any CPU.Build.0 = Debug|Any CPU
		{AC0715D3-8974-4804-9783-2A45133F9A39}.Release|Any CPU.ActiveCfg = Release|Any CPU
		{AC0715D3-8974-4804-9783-2A45133F9A39}.Release|Any CPU.Build.0 = Release|Any CPU
		{54854367-B4D4-4D67-8A7D-04BCC65339E7}.Debug|Any CPU.ActiveCfg = Debug|Any CPU
		{54854367-B4D4-4D67-8A7D-04BCC65339E7}.Debug|Any CPU.Build.0 = Debug|Any CPU
		{54854367-B4D4-4D67-8A7D-04BCC65339E7}.Release|Any CPU.ActiveCfg = Release|Any CPU
		{54854367-B4D4-4D67-8A7D-04BCC65339E7}.Release|Any CPU.Build.0 = Release|Any CPU
		{DF294461-5E95-4E6B-B873-5B8E3A76ACF1}.Debug|Any CPU.ActiveCfg = Debug|Any CPU
		{DF294461-5E95-4E6B-B873-5B8E3A76ACF1}.Debug|Any CPU.Build.0 = Debug|Any CPU
		{DF294461-5E95-4E6B-B873-5B8E3A76ACF1}.Release|Any CPU.ActiveCfg = Release|Any CPU
		{DF294461-5E95-4E6B-B873-5B8E3A76ACF1}.Release|Any CPU.Build.0 = Release|Any CPU
		{33C71152-C91F-4B44-B7F5-94088E0D6E2F}.Debug|Any CPU.ActiveCfg = Debug|Any CPU
		{33C71152-C91F-4B44-B7F5-94088E0D6E2F}.Debug|Any CPU.Build.0 = Debug|Any CPU
		{33C71152-C91F-4B44-B7F5-94088E0D6E2F}.Release|Any CPU.ActiveCfg = Release|Any CPU
		{33C71152-C91F-4B44-B7F5-94088E0D6E2F}.Release|Any CPU.Build.0 = Release|Any CPU
		{C01FAD93-E0D7-4908-AB45-396C8D0063C4}.Debug|Any CPU.ActiveCfg = Debug|Any CPU
		{C01FAD93-E0D7-4908-AB45-396C8D0063C4}.Debug|Any CPU.Build.0 = Debug|Any CPU
		{C01FAD93-E0D7-4908-AB45-396C8D0063C4}.Release|Any CPU.ActiveCfg = Release|Any CPU
		{C01FAD93-E0D7-4908-AB45-396C8D0063C4}.Release|Any CPU.Build.0 = Release|Any CPU
	EndGlobalSection
	GlobalSection(SolutionProperties) = preSolution
		HideSolutionNode = FALSE
	EndGlobalSection
	GlobalSection(ExtensibilityGlobals) = postSolution
		SolutionGuid = {493F332D-F598-468E-B762-94B3A5026C48}
	EndGlobalSection
EndGlobal
